
Microsoft Visual Studio Solution File, Format Version 12.00
# Visual Studio Version 17
VisualStudioVersion = 17.2.32516.85
MinimumVisualStudioVersion = 10.0.40219.1
Project("{FAE04EC0-301F-11D3-BF4B-00C04F79EFBC}") = "MegaDeskv3.0", "MegaDeskv3.0.csproj", "{511582BD-7F1C-4C49-83C6-4AA35484A46B}"
EndProject
Global
	GlobalSection(SolutionConfigurationPlatforms) = preSolution
		Debug|Any CPU = Debug|Any CPU
		Release|Any CPU = Release|Any CPU
	EndGlobalSection
	GlobalSection(ProjectConfigurationPlatforms) = postSolution
		{511582BD-7F1C-4C49-83C6-4AA35484A46B}.Debug|Any CPU.ActiveCfg = Debug|Any CPU
		{511582BD-7F1C-4C49-83C6-4AA35484A46B}.Debug|Any CPU.Build.0 = Debug|Any CPU
		{511582BD-7F1C-4C49-83C6-4AA35484A46B}.Release|Any CPU.ActiveCfg = Release|Any CPU
		{511582BD-7F1C-4C49-83C6-4AA35484A46B}.Release|Any CPU.Build.0 = Release|Any CPU
	EndGlobalSection
	GlobalSection(SolutionProperties) = preSolution
		HideSolutionNode = FALSE
	EndGlobalSection
	GlobalSection(ExtensibilityGlobals) = postSolution
		SolutionGuid = {DBF20FB0-000E-4D81-AAAE-9DC71AB8287B}
	EndGlobalSection
EndGlobal
